
Microsoft Visual Studio Solution File, Format Version 12.00
# Visual Studio Version 16
VisualStudioVersion = 16.0.30717.126
MinimumVisualStudioVersion = 10.0.40219.1
Project("{FAE04EC0-301F-11D3-BF4B-00C04F79EFBC}") = "HotelService.WebUI", "HotelService.WebUI\HotelService.WebUI.csproj", "{651E1B6B-6FE1-4416-B758-773267D9EB5D}"
EndProject
Project("{FAE04EC0-301F-11D3-BF4B-00C04F79EFBC}") = "HotelService.Entity", "HotelService.Entity\HotelService.Entity.csproj", "{5A93F998-31C4-459A-8241-8CF63C0E7D12}"
EndProject
Project("{FAE04EC0-301F-11D3-BF4B-00C04F79EFBC}") = "HotelSerivce.Data", "HotelSerivce.Data\HotelSerivce.Data.csproj", "{C0EF9A20-0B84-4C84-B1EC-8F069B0632C4}"
EndProject
Global
	GlobalSection(SolutionConfigurationPlatforms) = preSolution
		Debug|Any CPU = Debug|Any CPU
		Release|Any CPU = Release|Any CPU
	EndGlobalSection
	GlobalSection(ProjectConfigurationPlatforms) = postSolution
		{651E1B6B-6FE1-4416-B758-773267D9EB5D}.Debug|Any CPU.ActiveCfg = Debug|Any CPU
		{651E1B6B-6FE1-4416-B758-773267D9EB5D}.Debug|Any CPU.Build.0 = Debug|Any CPU
		{651E1B6B-6FE1-4416-B758-773267D9EB5D}.Release|Any CPU.ActiveCfg = Release|Any CPU
		{651E1B6B-6FE1-4416-B758-773267D9EB5D}.Release|Any CPU.Build.0 = Release|Any CPU
		{5A93F998-31C4-459A-8241-8CF63C0E7D12}.Debug|Any CPU.ActiveCfg = Debug|Any CPU
		{5A93F998-31C4-459A-8241-8CF63C0E7D12}.Debug|Any CPU.Build.0 = Debug|Any CPU
		{5A93F998-31C4-459A-8241-8CF63C0E7D12}.Release|Any CPU.ActiveCfg = Release|Any CPU
		{5A93F998-31C4-459A-8241-8CF63C0E7D12}.Release|Any CPU.Build.0 = Release|Any CPU
		{C0EF9A20-0B84-4C84-B1EC-8F069B0632C4}.Debug|Any CPU.ActiveCfg = Debug|Any CPU
		{C0EF9A20-0B84-4C84-B1EC-8F069B0632C4}.Debug|Any CPU.Build.0 = Debug|Any CPU
		{C0EF9A20-0B84-4C84-B1EC-8F069B0632C4}.Release|Any CPU.ActiveCfg = Release|Any CPU
		{C0EF9A20-0B84-4C84-B1EC-8F069B0632C4}.Release|Any CPU.Build.0 = Release|Any CPU
	EndGlobalSection
	GlobalSection(SolutionProperties) = preSolution
		HideSolutionNode = FALSE
	EndGlobalSection
	GlobalSection(ExtensibilityGlobals) = postSolution
		SolutionGuid = {50E54B0C-5DDD-4A73-A175-1294C36FA37C}
	EndGlobalSection
EndGlobal
